
Microsoft Visual Studio Solution File, Format Version 11.00
# Visual C# Express 2010
Project("{FAE04EC0-301F-11D3-BF4B-00C04F79EFBC}") = "CBookStore", "CBookStore\CBookStore.csproj", "{70020202-6622-4688-B4B4-424D7C833FF8}"
EndProject
Global
	GlobalSection(SolutionConfigurationPlatforms) = preSolution
		Debug|x86 = Debug|x86
		Release|x86 = Release|x86
	EndGlobalSection
	GlobalSection(ProjectConfigurationPlatforms) = postSolution
		{70020202-6622-4688-B4B4-424D7C833FF8}.Debug|x86.ActiveCfg = Debug|x86
		{70020202-6622-4688-B4B4-424D7C833FF8}.Debug|x86.Build.0 = Debug|x86
		{70020202-6622-4688-B4B4-424D7C833FF8}.Release|x86.ActiveCfg = Release|x86
		{70020202-6622-4688-B4B4-424D7C833FF8}.Release|x86.Build.0 = Release|x86
	EndGlobalSection
	GlobalSection(SolutionProperties) = preSolution
		HideSolutionNode = FALSE
	EndGlobalSection
EndGlobal
